
Microsoft Visual Studio Solution File, Format Version 12.00
# Visual Studio Version 17
VisualStudioVersion = 17.14.36811.4
MinimumVisualStudioVersion = 10.0.40219.1
Project("{FAE04EC0-301F-11D3-BF4B-00C04F79EFBC}") = "MuhsinYigitÖrücü", "MuhsinYigitÖrücü\MuhsinYigitÖrücü.csproj", "{FD1852D9-7C39-4CDB-99C6-CA076DC732BB}"
EndProject
Project("{FAE04EC0-301F-11D3-BF4B-00C04F79EFBC}") = "EntityLayer", "EntityLayer\EntityLayer.csproj", "{678A4CDA-D674-4902-8E52-087CBD1472DE}"
EndProject
Project("{FAE04EC0-301F-11D3-BF4B-00C04F79EFBC}") = "DataAccessLayer", "DataAccessLayer\DataAccessLayer.csproj", "{E91BF3A1-96B4-44A1-A6E7-7C48F129B5B2}"
EndProject
Project("{FAE04EC0-301F-11D3-BF4B-00C04F79EFBC}") = "BusinessLayer", "BusinessLayer\BusinessLayer.csproj", "{D35C0087-54A7-4F6B-90F3-F8321E586EDD}"
EndProject
Global
	GlobalSection(SolutionConfigurationPlatforms) = preSolution
		Debug|Any CPU = Debug|Any CPU
		Release|Any CPU = Release|Any CPU
	EndGlobalSection
	GlobalSection(ProjectConfigurationPlatforms) = postSolution
		{FD1852D9-7C39-4CDB-99C6-CA076DC732BB}.Debug|Any CPU.ActiveCfg = Debug|Any CPU
		{FD1852D9-7C39-4CDB-99C6-CA076DC732BB}.Debug|Any CPU.Build.0 = Debug|Any CPU
		{FD1852D9-7C39-4CDB-99C6-CA076DC732BB}.Release|Any CPU.ActiveCfg = Release|Any CPU
		{FD1852D9-7C39-4CDB-99C6-CA076DC732BB}.Release|Any CPU.Build.0 = Release|Any CPU
		{678A4CDA-D674-4902-8E52-087CBD1472DE}.Debug|Any CPU.ActiveCfg = Debug|Any CPU
		{678A4CDA-D674-4902-8E52-087CBD1472DE}.Debug|Any CPU.Build.0 = Debug|Any CPU
		{678A4CDA-D674-4902-8E52-087CBD1472DE}.Release|Any CPU.ActiveCfg = Release|Any CPU
		{678A4CDA-D674-4902-8E52-087CBD1472DE}.Release|Any CPU.Build.0 = Release|Any CPU
		{E91BF3A1-96B4-44A1-A6E7-7C48F129B5B2}.Debug|Any CPU.ActiveCfg = Debug|Any CPU
		{E91BF3A1-96B4-44A1-A6E7-7C48F129B5B2}.Debug|Any CPU.Build.0 = Debug|Any CPU
		{E91BF3A1-96B4-44A1-A6E7-7C48F129B5B2}.Release|Any CPU.ActiveCfg = Release|Any CPU
		{E91BF3A1-96B4-44A1-A6E7-7C48F129B5B2}.Release|Any CPU.Build.0 = Release|Any CPU
		{D35C0087-54A7-4F6B-90F3-F8321E586EDD}.Debug|Any CPU.ActiveCfg = Debug|Any CPU
		{D35C0087-54A7-4F6B-90F3-F8321E586EDD}.Debug|Any CPU.Build.0 = Debug|Any CPU
		{D35C0087-54A7-4F6B-90F3-F8321E586EDD}.Release|Any CPU.ActiveCfg = Release|Any CPU
		{D35C0087-54A7-4F6B-90F3-F8321E586EDD}.Release|Any CPU.Build.0 = Release|Any CPU
	EndGlobalSection
	GlobalSection(SolutionProperties) = preSolution
		HideSolutionNode = FALSE
	EndGlobalSection
	GlobalSection(ExtensibilityGlobals) = postSolution
		SolutionGuid = {44F014B0-1BC8-45B0-B6A6-F5272E9914FD}
	EndGlobalSection
EndGlobal
